
Microsoft Visual Studio Solution File, Format Version 12.00
# Visual Studio Version 16
VisualStudioVersion = 16.0.29709.97
MinimumVisualStudioVersion = 10.0.40219.1
Project("{E24C65DC-7377-472B-9ABA-BC803B73C61A}") = "The Wedding Shop", ".", "{7E53EA34-FA7D-4A44-AA92-06F638E2C551}"
	ProjectSection(WebsiteProperties) = preProject
		TargetFrameworkMoniker = ".NETFramework,Version%3Dv4.0"
		Debug.AspNetCompiler.VirtualPath = "/localhost_58311"
		Debug.AspNetCompiler.PhysicalPath = "..\mars-rovers\"
		Debug.AspNetCompiler.TargetPath = "PrecompiledWeb\localhost_58311\"
		Debug.AspNetCompiler.Updateable = "true"
		Debug.AspNetCompiler.ForceOverwrite = "true"
		Debug.AspNetCompiler.FixedNames = "false"
		Debug.AspNetCompiler.Debug = "True"
		Release.AspNetCompiler.VirtualPath = "/localhost_58311"
		Release.AspNetCompiler.PhysicalPath = "..\mars-rovers\"
		Release.AspNetCompiler.TargetPath = "PrecompiledWeb\localhost_58311\"
		Release.AspNetCompiler.Updateable = "true"
		Release.AspNetCompiler.ForceOverwrite = "true"
		Release.AspNetCompiler.FixedNames = "false"
		Release.AspNetCompiler.Debug = "False"
		VWDPort = "58311"
		SlnRelativePath = "..\mars-rovers\"
	EndProjectSection
EndProject
Global
	GlobalSection(SolutionConfigurationPlatforms) = preSolution
		Debug|Any CPU = Debug|Any CPU
	EndGlobalSection
	GlobalSection(ProjectConfigurationPlatforms) = postSolution
		{7E53EA34-FA7D-4A44-AA92-06F638E2C551}.Debug|Any CPU.ActiveCfg = Debug|Any CPU
		{7E53EA34-FA7D-4A44-AA92-06F638E2C551}.Debug|Any CPU.Build.0 = Debug|Any CPU
	EndGlobalSection
	GlobalSection(SolutionProperties) = preSolution
		HideSolutionNode = FALSE
	EndGlobalSection
	GlobalSection(ExtensibilityGlobals) = postSolution
		SolutionGuid = {A2BC8CD5-EED1-4EF6-A9C8-3B7592A16904}
	EndGlobalSection
EndGlobal
